
Microsoft Visual Studio Solution File, Format Version 12.00
# Visual Studio Version 16
VisualStudioVersion = 16.0.33027.164
MinimumVisualStudioVersion = 10.0.40219.1
Project("{9A19103F-16F7-4668-BE54-9A1E7A4F7556}") = "sprint04_01", "sprint04_01\sprint04_01.csproj", "{60B30AC0-19D5-4EF5-AAE1-38503EBBC5DE}"
EndProject
Project("{FAE04EC0-301F-11D3-BF4B-00C04F79EFBC}") = "sprint04_02", "sprint04_02\sprint04_02.csproj", "{1E9967AE-299E-4A9D-970A-A6D82F109694}"
EndProject
Project("{FAE04EC0-301F-11D3-BF4B-00C04F79EFBC}") = "sprint04_03", "sprint04_03\sprint04_03.csproj", "{A0DA5C4B-D288-4ED6-A557-780861B2C9F1}"
EndProject
Project("{FAE04EC0-301F-11D3-BF4B-00C04F79EFBC}") = "sprint04_04", "sprint04_04\sprint04_04.csproj", "{176B6C31-7E76-4DAA-A302-D05DAEE4A674}"
EndProject
Global
	GlobalSection(SolutionConfigurationPlatforms) = preSolution
		Debug|Any CPU = Debug|Any CPU
		Release|Any CPU = Release|Any CPU
	EndGlobalSection
	GlobalSection(ProjectConfigurationPlatforms) = postSolution
		{60B30AC0-19D5-4EF5-AAE1-38503EBBC5DE}.Debug|Any CPU.ActiveCfg = Debug|Any CPU
		{60B30AC0-19D5-4EF5-AAE1-38503EBBC5DE}.Debug|Any CPU.Build.0 = Debug|Any CPU
		{60B30AC0-19D5-4EF5-AAE1-38503EBBC5DE}.Release|Any CPU.ActiveCfg = Release|Any CPU
		{60B30AC0-19D5-4EF5-AAE1-38503EBBC5DE}.Release|Any CPU.Build.0 = Release|Any CPU
		{1E9967AE-299E-4A9D-970A-A6D82F109694}.Debug|Any CPU.ActiveCfg = Debug|Any CPU
		{1E9967AE-299E-4A9D-970A-A6D82F109694}.Debug|Any CPU.Build.0 = Debug|Any CPU
		{1E9967AE-299E-4A9D-970A-A6D82F109694}.Release|Any CPU.ActiveCfg = Release|Any CPU
		{1E9967AE-299E-4A9D-970A-A6D82F109694}.Release|Any CPU.Build.0 = Release|Any CPU
		{A0DA5C4B-D288-4ED6-A557-780861B2C9F1}.Debug|Any CPU.ActiveCfg = Debug|Any CPU
		{A0DA5C4B-D288-4ED6-A557-780861B2C9F1}.Debug|Any CPU.Build.0 = Debug|Any CPU
		{A0DA5C4B-D288-4ED6-A557-780861B2C9F1}.Release|Any CPU.ActiveCfg = Release|Any CPU
		{A0DA5C4B-D288-4ED6-A557-780861B2C9F1}.Release|Any CPU.Build.0 = Release|Any CPU
		{176B6C31-7E76-4DAA-A302-D05DAEE4A674}.Debug|Any CPU.ActiveCfg = Debug|Any CPU
		{176B6C31-7E76-4DAA-A302-D05DAEE4A674}.Debug|Any CPU.Build.0 = Debug|Any CPU
		{176B6C31-7E76-4DAA-A302-D05DAEE4A674}.Release|Any CPU.ActiveCfg = Release|Any CPU
		{176B6C31-7E76-4DAA-A302-D05DAEE4A674}.Release|Any CPU.Build.0 = Release|Any CPU
	EndGlobalSection
	GlobalSection(SolutionProperties) = preSolution
		HideSolutionNode = FALSE
	EndGlobalSection
	GlobalSection(ExtensibilityGlobals) = postSolution
		SolutionGuid = {FA6BD139-91B8-48A0-9B56-2FD7E512CDE6}
	EndGlobalSection
EndGlobal
