
Microsoft Visual Studio Solution File, Format Version 12.00
# Visual Studio Version 16
VisualStudioVersion = 16.0.33027.164
MinimumVisualStudioVersion = 10.0.40219.1
Project("{FAE04EC0-301F-11D3-BF4B-00C04F79EFBC}") = "sprint04_01", "sprint04_01\sprint04_01.csproj", "{60B30AC0-19D5-4EF5-AAE1-38503EBBC5DE}"
EndProject
Global
	GlobalSection(SolutionConfigurationPlatforms) = preSolution
		Debug|Any CPU = Debug|Any CPU
		Release|Any CPU = Release|Any CPU
	EndGlobalSection
	GlobalSection(ProjectConfigurationPlatforms) = postSolution
		{60B30AC0-19D5-4EF5-AAE1-38503EBBC5DE}.Debug|Any CPU.ActiveCfg = Debug|Any CPU
		{60B30AC0-19D5-4EF5-AAE1-38503EBBC5DE}.Debug|Any CPU.Build.0 = Debug|Any CPU
		{60B30AC0-19D5-4EF5-AAE1-38503EBBC5DE}.Release|Any CPU.ActiveCfg = Release|Any CPU
		{60B30AC0-19D5-4EF5-AAE1-38503EBBC5DE}.Release|Any CPU.Build.0 = Release|Any CPU
	EndGlobalSection
	GlobalSection(SolutionProperties) = preSolution
		HideSolutionNode = FALSE
	EndGlobalSection
	GlobalSection(ExtensibilityGlobals) = postSolution
		SolutionGuid = {FA6BD139-91B8-48A0-9B56-2FD7E512CDE6}
	EndGlobalSection
EndGlobal
